
Microsoft Visual Studio Solution File, Format Version 12.00
Project("{FAE04EC0-301F-11D3-BF4B-00C04F79EFBC}") = "UsefulExtensions", "src\UsefulExtensions\UsefulExtensions.csproj", "{86A1A127-9D02-4E48-861B-C2E51C907BF6}"
EndProject
Project("{FAE04EC0-301F-11D3-BF4B-00C04F79EFBC}") = "ConsoleApp1", "ConsoleApp1\ConsoleApp1.csproj", "{A9AA3DB0-8E6F-49FA-B8DB-988B9C782A63}"
EndProject
Project("{FAE04EC0-301F-11D3-BF4B-00C04F79EFBC}") = "Benchmark", "Benchmark\Benchmark.csproj", "{B429E022-B00C-4695-A02C-ADEFF7C32D97}"
EndProject
Project("{FAE04EC0-301F-11D3-BF4B-00C04F79EFBC}") = "UsefulExtensions.EnumeratableTuple", "UsefulExtensions.EnumeratableTuple\UsefulExtensions.EnumeratableTuple.csproj", "{43F7F82F-C2C4-46B4-B53F-A68D1326ADFA}"
EndProject
Project("{FAE04EC0-301F-11D3-BF4B-00C04F79EFBC}") = "UsefulExtensions.AwaitableTuple", "UsefulExtensions.AwaitableTuple\UsefulExtensions.AwaitableTuple.csproj", "{B91CE876-70C2-4071-8DCB-3783C4C1AF1F}"
EndProject
Global
	GlobalSection(SolutionConfigurationPlatforms) = preSolution
		Debug|Any CPU = Debug|Any CPU
		Release|Any CPU = Release|Any CPU
	EndGlobalSection
	GlobalSection(ProjectConfigurationPlatforms) = postSolution
		{86A1A127-9D02-4E48-861B-C2E51C907BF6}.Debug|Any CPU.ActiveCfg = Debug|Any CPU
		{86A1A127-9D02-4E48-861B-C2E51C907BF6}.Debug|Any CPU.Build.0 = Debug|Any CPU
		{86A1A127-9D02-4E48-861B-C2E51C907BF6}.Release|Any CPU.ActiveCfg = Release|Any CPU
		{86A1A127-9D02-4E48-861B-C2E51C907BF6}.Release|Any CPU.Build.0 = Release|Any CPU
		{A9AA3DB0-8E6F-49FA-B8DB-988B9C782A63}.Debug|Any CPU.ActiveCfg = Debug|Any CPU
		{A9AA3DB0-8E6F-49FA-B8DB-988B9C782A63}.Debug|Any CPU.Build.0 = Debug|Any CPU
		{A9AA3DB0-8E6F-49FA-B8DB-988B9C782A63}.Release|Any CPU.ActiveCfg = Release|Any CPU
		{A9AA3DB0-8E6F-49FA-B8DB-988B9C782A63}.Release|Any CPU.Build.0 = Release|Any CPU
		{B429E022-B00C-4695-A02C-ADEFF7C32D97}.Debug|Any CPU.ActiveCfg = Debug|Any CPU
		{B429E022-B00C-4695-A02C-ADEFF7C32D97}.Debug|Any CPU.Build.0 = Debug|Any CPU
		{B429E022-B00C-4695-A02C-ADEFF7C32D97}.Release|Any CPU.ActiveCfg = Release|Any CPU
		{B429E022-B00C-4695-A02C-ADEFF7C32D97}.Release|Any CPU.Build.0 = Release|Any CPU
		{43F7F82F-C2C4-46B4-B53F-A68D1326ADFA}.Debug|Any CPU.ActiveCfg = Debug|Any CPU
		{43F7F82F-C2C4-46B4-B53F-A68D1326ADFA}.Debug|Any CPU.Build.0 = Debug|Any CPU
		{43F7F82F-C2C4-46B4-B53F-A68D1326ADFA}.Release|Any CPU.ActiveCfg = Release|Any CPU
		{43F7F82F-C2C4-46B4-B53F-A68D1326ADFA}.Release|Any CPU.Build.0 = Release|Any CPU
		{B91CE876-70C2-4071-8DCB-3783C4C1AF1F}.Debug|Any CPU.ActiveCfg = Debug|Any CPU
		{B91CE876-70C2-4071-8DCB-3783C4C1AF1F}.Debug|Any CPU.Build.0 = Debug|Any CPU
		{B91CE876-70C2-4071-8DCB-3783C4C1AF1F}.Release|Any CPU.ActiveCfg = Release|Any CPU
		{B91CE876-70C2-4071-8DCB-3783C4C1AF1F}.Release|Any CPU.Build.0 = Release|Any CPU
	EndGlobalSection
EndGlobal
